// !$*UTF8*$!
{
	archiveVersion = 1;
	classes = {
	};
	objectVersion = 48;
	objects = {

/* Begin PBXBuildFile section */
		E05EEC7E1FC6FB18001B0601 /* AppDelegate.swift in Sources */ = {isa = PBXBuildFile; fileRef = E05EEC7D1FC6FB18001B0601 /* AppDelegate.swift */; };
		E05EEC851FC6FB18001B0601 /* Assets.xcassets in Resources */ = {isa = PBXBuildFile; fileRef = E05EEC841FC6FB18001B0601 /* Assets.xcassets */; };
		E05EEC881FC6FB18001B0601 /* LaunchScreen.storyboard in Resources */ = {isa = PBXBuildFile; fileRef = E05EEC861FC6FB18001B0601 /* LaunchScreen.storyboard */; };
		E05EEC981FC6FE5D001B0601 /* Forecast.swift in Sources */ = {isa = PBXBuildFile; fileRef = E05EEC971FC6FE5D001B0601 /* Forecast.swift */; };
		E05EEC9B1FC7048F001B0601 /* WebServiceConfiguration.swift in Sources */ = {isa = PBXBuildFile; fileRef = E05EEC9A1FC7048F001B0601 /* WebServiceConfiguration.swift */; };
		E05EEC9D1FC70496001B0601 /* Endpoint.swift in Sources */ = {isa = PBXBuildFile; fileRef = E05EEC9C1FC70496001B0601 /* Endpoint.swift */; };
		E05EEC9F1FC7049D001B0601 /* WebService.swift in Sources */ = {isa = PBXBuildFile; fileRef = E05EEC9E1FC7049D001B0601 /* WebService.swift */; };
		E05EECA11FC704A6001B0601 /* WebServiceAssembly.swift in Sources */ = {isa = PBXBuildFile; fileRef = E05EECA01FC704A6001B0601 /* WebServiceAssembly.swift */; };
		E05EECA51FC70CEE001B0601 /* MainRepository.swift in Sources */ = {isa = PBXBuildFile; fileRef = E05EECA41FC70CEE001B0601 /* MainRepository.swift */; };
		E05EECA71FC71E2E001B0601 /* MainAssembly.swift in Sources */ = {isa = PBXBuildFile; fileRef = E05EECA61FC71E2E001B0601 /* MainAssembly.swift */; };
		E05EECAA1FC71E58001B0601 /* CoreAssembly.swift in Sources */ = {isa = PBXBuildFile; fileRef = E05EECA91FC71E58001B0601 /* CoreAssembly.swift */; };
		E05EECB01FC71E86001B0601 /* MainPresenter.swift in Sources */ = {isa = PBXBuildFile; fileRef = E05EECAF1FC71E86001B0601 /* MainPresenter.swift */; };
		E05EECBD1FC72BFE001B0601 /* MainViewController.swift in Sources */ = {isa = PBXBuildFile; fileRef = E05EECBB1FC72BFE001B0601 /* MainViewController.swift */; };
		E05EECBE1FC72BFE001B0601 /* MainViewController.xib in Resources */ = {isa = PBXBuildFile; fileRef = E05EECBC1FC72BFE001B0601 /* MainViewController.xib */; };
		E05EECC01FC73432001B0601 /* AppAssembly.swift in Sources */ = {isa = PBXBuildFile; fileRef = E05EECBF1FC73432001B0601 /* AppAssembly.swift */; };
		E05EECC51FC74EDA001B0601 /* ImageRepository.swift in Sources */ = {isa = PBXBuildFile; fileRef = E05EECC41FC74EDA001B0601 /* ImageRepository.swift */; };
		E05EECC71FC74EF4001B0601 /* ImageLoadingAssembly.swift in Sources */ = {isa = PBXBuildFile; fileRef = E05EECC61FC74EF4001B0601 /* ImageLoadingAssembly.swift */; };
/* End PBXBuildFile section */

/* Begin PBXFileReference section */
		E05EEC7A1FC6FB18001B0601 /* Weather.app */ = {isa = PBXFileReference; explicitFileType = wrapper.application; includeInIndex = 0; path = Weather.app; sourceTree = BUILT_PRODUCTS_DIR; };
		E05EEC7D1FC6FB18001B0601 /* AppDelegate.swift */ = {isa = PBXFileReference; lastKnownFileType = sourcecode.swift; path = AppDelegate.swift; sourceTree = "<group>"; };
		E05EEC841FC6FB18001B0601 /* Assets.xcassets */ = {isa = PBXFileReference; lastKnownFileType = folder.assetcatalog; path = Assets.xcassets; sourceTree = "<group>"; };
		E05EEC871FC6FB18001B0601 /* Base */ = {isa = PBXFileReference; lastKnownFileType = file.storyboard; name = Base; path = Base.lproj/LaunchScreen.storyboard; sourceTree = "<group>"; };
		E05EEC891FC6FB18001B0601 /* Info.plist */ = {isa = PBXFileReference; lastKnownFileType = text.plist.xml; path = Info.plist; sourceTree = "<group>"; };
		E05EEC971FC6FE5D001B0601 /* Forecast.swift */ = {isa = PBXFileReference; lastKnownFileType = sourcecode.swift; path = Forecast.swift; sourceTree = "<group>"; };
		E05EEC9A1FC7048F001B0601 /* WebServiceConfiguration.swift */ = {isa = PBXFileReference; lastKnownFileType = sourcecode.swift; path = WebServiceConfiguration.swift; sourceTree = "<group>"; };
		E05EEC9C1FC70496001B0601 /* Endpoint.swift */ = {isa = PBXFileReference; lastKnownFileType = sourcecode.swift; path = Endpoint.swift; sourceTree = "<group>"; };
		E05EEC9E1FC7049D001B0601 /* WebService.swift */ = {isa = PBXFileReference; lastKnownFileType = sourcecode.swift; path = WebService.swift; sourceTree = "<group>"; };
		E05EECA01FC704A6001B0601 /* WebServiceAssembly.swift */ = {isa = PBXFileReference; lastKnownFileType = sourcecode.swift; path = WebServiceAssembly.swift; sourceTree = "<group>"; };
		E05EECA41FC70CEE001B0601 /* MainRepository.swift */ = {isa = PBXFileReference; lastKnownFileType = sourcecode.swift; path = MainRepository.swift; sourceTree = "<group>"; };
		E05EECA61FC71E2E001B0601 /* MainAssembly.swift */ = {isa = PBXFileReference; lastKnownFileType = sourcecode.swift; path = MainAssembly.swift; sourceTree = "<group>"; };
		E05EECA91FC71E58001B0601 /* CoreAssembly.swift */ = {isa = PBXFileReference; lastKnownFileType = sourcecode.swift; path = CoreAssembly.swift; sourceTree = "<group>"; };
		E05EECAF1FC71E86001B0601 /* MainPresenter.swift */ = {isa = PBXFileReference; lastKnownFileType = sourcecode.swift; path = MainPresenter.swift; sourceTree = "<group>"; };
		E05EECBB1FC72BFE001B0601 /* MainViewController.swift */ = {isa = PBXFileReference; lastKnownFileType = sourcecode.swift; path = MainViewController.swift; sourceTree = "<group>"; };
		E05EECBC1FC72BFE001B0601 /* MainViewController.xib */ = {isa = PBXFileReference; lastKnownFileType = file.xib; path = MainViewController.xib; sourceTree = "<group>"; };
		E05EECBF1FC73432001B0601 /* AppAssembly.swift */ = {isa = PBXFileReference; lastKnownFileType = sourcecode.swift; path = AppAssembly.swift; sourceTree = "<group>"; };
		E05EECC41FC74EDA001B0601 /* ImageRepository.swift */ = {isa = PBXFileReference; lastKnownFileType = sourcecode.swift; path = ImageRepository.swift; sourceTree = "<group>"; };
		E05EECC61FC74EF4001B0601 /* ImageLoadingAssembly.swift */ = {isa = PBXFileReference; lastKnownFileType = sourcecode.swift; path = ImageLoadingAssembly.swift; sourceTree = "<group>"; };
/* End PBXFileReference section */

/* Begin PBXFrameworksBuildPhase section */
		E05EEC771FC6FB18001B0601 /* Frameworks */ = {
			isa = PBXFrameworksBuildPhase;
			buildActionMask = 2147483647;
			files = (
			);
			runOnlyForDeploymentPostprocessing = 0;
		};
/* End PBXFrameworksBuildPhase section */

/* Begin PBXGroup section */
		E05EEC711FC6FB18001B0601 = {
			isa = PBXGroup;
			children = (
				E05EEC7C1FC6FB18001B0601 /* Weather */,
				E05EEC7B1FC6FB18001B0601 /* Products */,
			);
			sourceTree = "<group>";
		};
		E05EEC7B1FC6FB18001B0601 /* Products */ = {
			isa = PBXGroup;
			children = (
				E05EEC7A1FC6FB18001B0601 /* Weather.app */,
			);
			name = Products;
			sourceTree = "<group>";
		};
		E05EEC7C1FC6FB18001B0601 /* Weather */ = {
			isa = PBXGroup;
			children = (
				E05EECBF1FC73432001B0601 /* AppAssembly.swift */,
				E05EEC7D1FC6FB18001B0601 /* AppDelegate.swift */,
				E05EEC841FC6FB18001B0601 /* Assets.xcassets */,
				E05EEC861FC6FB18001B0601 /* LaunchScreen.storyboard */,
				E05EEC891FC6FB18001B0601 /* Info.plist */,
				E05EEC8F1FC6FB38001B0601 /* WeatherCore */,
			);
			path = Weather;
			sourceTree = "<group>";
		};
		E05EEC8F1FC6FB38001B0601 /* WeatherCore */ = {
			isa = PBXGroup;
			children = (
				E05EECC11FC74EAD001B0601 /* Image Loading */,
				E05EECA81FC71E50001B0601 /* DI */,
				E05EEC991FC7032D001B0601 /* WebService */,
				E05EEC951FC6FE48001B0601 /* Common */,
				E05EEC901FC6FB41001B0601 /* Main */,
			);
			path = WeatherCore;
			sourceTree = "<group>";
		};
		E05EEC901FC6FB41001B0601 /* Main */ = {
			isa = PBXGroup;
			children = (
				E05EEC941FC6FE43001B0601 /* Domain */,
				E05EEC931FC6FE37001B0601 /* Repository */,
				E05EEC921FC6FE2E001B0601 /* Presentation */,
				E05EEC911FC6FE29001B0601 /* DI */,
			);
			path = Main;
			sourceTree = "<group>";
		};
		E05EEC911FC6FE29001B0601 /* DI */ = {
			isa = PBXGroup;
			children = (
				E05EECA61FC71E2E001B0601 /* MainAssembly.swift */,
			);
			path = DI;
			sourceTree = "<group>";
		};
		E05EEC921FC6FE2E001B0601 /* Presentation */ = {
			isa = PBXGroup;
			children = (
				E05EECAF1FC71E86001B0601 /* MainPresenter.swift */,
				E05EECBB1FC72BFE001B0601 /* MainViewController.swift */,
				E05EECBC1FC72BFE001B0601 /* MainViewController.xib */,
			);
			path = Presentation;
			sourceTree = "<group>";
		};
		E05EEC931FC6FE37001B0601 /* Repository */ = {
			isa = PBXGroup;
			children = (
				E05EECA41FC70CEE001B0601 /* MainRepository.swift */,
			);
			path = Repository;
			sourceTree = "<group>";
		};
		E05EEC941FC6FE43001B0601 /* Domain */ = {
			isa = PBXGroup;
			children = (
			);
			path = Domain;
			sourceTree = "<group>";
		};
		E05EEC951FC6FE48001B0601 /* Common */ = {
			isa = PBXGroup;
			children = (
				E05EEC961FC6FE4D001B0601 /* Domain */,
			);
			path = Common;
			sourceTree = "<group>";
		};
		E05EEC961FC6FE4D001B0601 /* Domain */ = {
			isa = PBXGroup;
			children = (
				E05EEC971FC6FE5D001B0601 /* Forecast.swift */,
			);
			path = Domain;
			sourceTree = "<group>";
		};
		E05EEC991FC7032D001B0601 /* WebService */ = {
			isa = PBXGroup;
			children = (
				E05EEC9A1FC7048F001B0601 /* WebServiceConfiguration.swift */,
				E05EEC9C1FC70496001B0601 /* Endpoint.swift */,
				E05EEC9E1FC7049D001B0601 /* WebService.swift */,
				E05EECA01FC704A6001B0601 /* WebServiceAssembly.swift */,
			);
			path = WebService;
			sourceTree = "<group>";
		};
		E05EECA81FC71E50001B0601 /* DI */ = {
			isa = PBXGroup;
			children = (
				E05EECA91FC71E58001B0601 /* CoreAssembly.swift */,
			);
			path = DI;
			sourceTree = "<group>";
		};
		E05EECC11FC74EAD001B0601 /* Image Loading */ = {
			isa = PBXGroup;
			children = (
				E05EECC41FC74EDA001B0601 /* ImageRepository.swift */,
				E05EECC61FC74EF4001B0601 /* ImageLoadingAssembly.swift */,
			);
			path = "Image Loading";
			sourceTree = "<group>";
		};
/* End PBXGroup section */

/* Begin PBXNativeTarget section */
		E05EEC791FC6FB18001B0601 /* Weather */ = {
			isa = PBXNativeTarget;
			buildConfigurationList = E05EEC8C1FC6FB18001B0601 /* Build configuration list for PBXNativeTarget "Weather" */;
			buildPhases = (
				E05EEC761FC6FB18001B0601 /* Sources */,
				E05EEC771FC6FB18001B0601 /* Frameworks */,
				E05EEC781FC6FB18001B0601 /* Resources */,
			);
			buildRules = (
			);
			dependencies = (
			);
			name = Weather;
			productName = Weather;
			productReference = E05EEC7A1FC6FB18001B0601 /* Weather.app */;
			productType = "com.apple.product-type.application";
		};
/* End PBXNativeTarget section */

/* Begin PBXProject section */
		E05EEC721FC6FB18001B0601 /* Project object */ = {
			isa = PBXProject;
			attributes = {
				LastSwiftUpdateCheck = 0910;
				LastUpgradeCheck = 0910;
				ORGANIZATIONNAME = "Fernando Frances";
				TargetAttributes = {
					E05EEC791FC6FB18001B0601 = {
						CreatedOnToolsVersion = 9.1;
						ProvisioningStyle = Automatic;
					};
				};
			};
			buildConfigurationList = E05EEC751FC6FB18001B0601 /* Build configuration list for PBXProject "Weather" */;
			compatibilityVersion = "Xcode 8.0";
			developmentRegion = en;
			hasScannedForEncodings = 0;
			knownRegions = (
				en,
				Base,
			);
			mainGroup = E05EEC711FC6FB18001B0601;
			productRefGroup = E05EEC7B1FC6FB18001B0601 /* Products */;
			projectDirPath = "";
			projectRoot = "";
			targets = (
				E05EEC791FC6FB18001B0601 /* Weather */,
			);
		};
/* End PBXProject section */

/* Begin PBXResourcesBuildPhase section */
		E05EEC781FC6FB18001B0601 /* Resources */ = {
			isa = PBXResourcesBuildPhase;
			buildActionMask = 2147483647;
			files = (
				E05EEC881FC6FB18001B0601 /* LaunchScreen.storyboard in Resources */,
				E05EECBE1FC72BFE001B0601 /* MainViewController.xib in Resources */,
				E05EEC851FC6FB18001B0601 /* Assets.xcassets in Resources */,
			);
			runOnlyForDeploymentPostprocessing = 0;
		};
/* End PBXResourcesBuildPhase section */

/* Begin PBXSourcesBuildPhase section */
		E05EEC761FC6FB18001B0601 /* Sources */ = {
			isa = PBXSourcesBuildPhase;
			buildActionMask = 2147483647;
			files = (
				E05EECC71FC74EF4001B0601 /* ImageLoadingAssembly.swift in Sources */,
				E05EECA51FC70CEE001B0601 /* MainRepository.swift in Sources */,
				E05EEC981FC6FE5D001B0601 /* Forecast.swift in Sources */,
				E05EECA71FC71E2E001B0601 /* MainAssembly.swift in Sources */,
				E05EECC01FC73432001B0601 /* AppAssembly.swift in Sources */,
				E05EECBD1FC72BFE001B0601 /* MainViewController.swift in Sources */,
				E05EECAA1FC71E58001B0601 /* CoreAssembly.swift in Sources */,
				E05EEC9B1FC7048F001B0601 /* WebServiceConfiguration.swift in Sources */,
				E05EECC51FC74EDA001B0601 /* ImageRepository.swift in Sources */,
				E05EEC9D1FC70496001B0601 /* Endpoint.swift in Sources */,
				E05EEC9F1FC7049D001B0601 /* WebService.swift in Sources */,
				E05EECA11FC704A6001B0601 /* WebServiceAssembly.swift in Sources */,
				E05EECB01FC71E86001B0601 /* MainPresenter.swift in Sources */,
				E05EEC7E1FC6FB18001B0601 /* AppDelegate.swift in Sources */,
			);
			runOnlyForDeploymentPostprocessing = 0;
		};
/* End PBXSourcesBuildPhase section */

/* Begin PBXVariantGroup section */
		E05EEC861FC6FB18001B0601 /* LaunchScreen.storyboard */ = {
			isa = PBXVariantGroup;
			children = (
				E05EEC871FC6FB18001B0601 /* Base */,
			);
			name = LaunchScreen.storyboard;
			sourceTree = "<group>";
		};
/* End PBXVariantGroup section */

/* Begin XCBuildConfiguration section */
		E05EEC8A1FC6FB18001B0601 /* Debug */ = {
			isa = XCBuildConfiguration;
			buildSettings = {
				ALWAYS_SEARCH_USER_PATHS = NO;
				CLANG_ANALYZER_NONNULL = YES;
				CLANG_ANALYZER_NUMBER_OBJECT_CONVERSION = YES_AGGRESSIVE;
				CLANG_CXX_LANGUAGE_STANDARD = "gnu++14";
				CLANG_CXX_LIBRARY = "libc++";
				CLANG_ENABLE_MODULES = YES;
				CLANG_ENABLE_OBJC_ARC = YES;
				CLANG_WARN_BLOCK_CAPTURE_AUTORELEASING = YES;
				CLANG_WARN_BOOL_CONVERSION = YES;
				CLANG_WARN_COMMA = YES;
				CLANG_WARN_CONSTANT_CONVERSION = YES;
				CLANG_WARN_DIRECT_OBJC_ISA_USAGE = YES_ERROR;
				CLANG_WARN_DOCUMENTATION_COMMENTS = YES;
				CLANG_WARN_EMPTY_BODY = YES;
				CLANG_WARN_ENUM_CONVERSION = YES;
				CLANG_WARN_INFINITE_RECURSION = YES;
				CLANG_WARN_INT_CONVERSION = YES;
				CLANG_WARN_NON_LITERAL_NULL_CONVERSION = YES;
				CLANG_WARN_OBJC_LITERAL_CONVERSION = YES;
				CLANG_WARN_OBJC_ROOT_CLASS = YES_ERROR;
				CLANG_WARN_RANGE_LOOP_ANALYSIS = YES;
				CLANG_WARN_STRICT_PROTOTYPES = YES;
				CLANG_WARN_SUSPICIOUS_MOVE = YES;
				CLANG_WARN_UNGUARDED_AVAILABILITY = YES_AGGRESSIVE;
				CLANG_WARN_UNREACHABLE_CODE = YES;
				CLANG_WARN__DUPLICATE_METHOD_MATCH = YES;
				CODE_SIGN_IDENTITY = "iPhone Developer";
				COPY_PHASE_STRIP = NO;
				DEBUG_INFORMATION_FORMAT = dwarf;
				ENABLE_STRICT_OBJC_MSGSEND = YES;
				ENABLE_TESTABILITY = YES;
				GCC_C_LANGUAGE_STANDARD = gnu11;
				GCC_DYNAMIC_NO_PIC = NO;
				GCC_NO_COMMON_BLOCKS = YES;
				GCC_OPTIMIZATION_LEVEL = 0;
				GCC_PREPROCESSOR_DEFINITIONS = (
					"DEBUG=1",
					"$(inherited)",
				);
				GCC_WARN_64_TO_32_BIT_CONVERSION = YES;
				GCC_WARN_ABOUT_RETURN_TYPE = YES_ERROR;
				GCC_WARN_UNDECLARED_SELECTOR = YES;
				GCC_WARN_UNINITIALIZED_AUTOS = YES_AGGRESSIVE;
				GCC_WARN_UNUSED_FUNCTION = YES;
				GCC_WARN_UNUSED_VARIABLE = YES;
				IPHONEOS_DEPLOYMENT_TARGET = 11.1;
				MTL_ENABLE_DEBUG_INFO = YES;
				ONLY_ACTIVE_ARCH = YES;
				SDKROOT = iphoneos;
				SWIFT_ACTIVE_COMPILATION_CONDITIONS = DEBUG;
				SWIFT_OPTIMIZATION_LEVEL = "-Onone";
			};
			name = Debug;
		};
		E05EEC8B1FC6FB18001B0601 /* Release */ = {
			isa = XCBuildConfiguration;
			buildSettings = {
				ALWAYS_SEARCH_USER_PATHS = NO;
				CLANG_ANALYZER_NONNULL = YES;
				CLANG_ANALYZER_NUMBER_OBJECT_CONVERSION = YES_AGGRESSIVE;
				CLANG_CXX_LANGUAGE_STANDARD = "gnu++14";
				CLANG_CXX_LIBRARY = "libc++";
				CLANG_ENABLE_MODULES = YES;
				CLANG_ENABLE_OBJC_ARC = YES;
				CLANG_WARN_BLOCK_CAPTURE_AUTORELEASING = YES;
				CLANG_WARN_BOOL_CONVERSION = YES;
				CLANG_WARN_COMMA = YES;
				CLANG_WARN_CONSTANT_CONVERSION = YES;
				CLANG_WARN_DIRECT_OBJC_ISA_USAGE = YES_ERROR;
				CLANG_WARN_DOCUMENTATION_COMMENTS = YES;
				CLANG_WARN_EMPTY_BODY = YES;
				CLANG_WARN_ENUM_CONVERSION = YES;
				CLANG_WARN_INFINITE_RECURSION = YES;
				CLANG_WARN_INT_CONVERSION = YES;
				CLANG_WARN_NON_LITERAL_NULL_CONVERSION = YES;
				CLANG_WARN_OBJC_LITERAL_CONVERSION = YES;
				CLANG_WARN_OBJC_ROOT_CLASS = YES_ERROR;
				CLANG_WARN_RANGE_LOOP_ANALYSIS = YES;
				CLANG_WARN_STRICT_PROTOTYPES = YES;
				CLANG_WARN_SUSPICIOUS_MOVE = YES;
				CLANG_WARN_UNGUARDED_AVAILABILITY = YES_AGGRESSIVE;
				CLANG_WARN_UNREACHABLE_CODE = YES;
				CLANG_WARN__DUPLICATE_METHOD_MATCH = YES;
				CODE_SIGN_IDENTITY = "iPhone Developer";
				COPY_PHASE_STRIP = NO;
				DEBUG_INFORMATION_FORMAT = "dwarf-with-dsym";
				ENABLE_NS_ASSERTIONS = NO;
				ENABLE_STRICT_OBJC_MSGSEND = YES;
				GCC_C_LANGUAGE_STANDARD = gnu11;
				GCC_NO_COMMON_BLOCKS = YES;
				GCC_WARN_64_TO_32_BIT_CONVERSION = YES;
				GCC_WARN_ABOUT_RETURN_TYPE = YES_ERROR;
				GCC_WARN_UNDECLARED_SELECTOR = YES;
				GCC_WARN_UNINITIALIZED_AUTOS = YES_AGGRESSIVE;
				GCC_WARN_UNUSED_FUNCTION = YES;
				GCC_WARN_UNUSED_VARIABLE = YES;
				IPHONEOS_DEPLOYMENT_TARGET = 11.1;
				MTL_ENABLE_DEBUG_INFO = NO;
				SDKROOT = iphoneos;
				SWIFT_OPTIMIZATION_LEVEL = "-Owholemodule";
				VALIDATE_PRODUCT = YES;
			};
			name = Release;
		};
		E05EEC8D1FC6FB18001B0601 /* Debug */ = {
			isa = XCBuildConfiguration;
			buildSettings = {
				ASSETCATALOG_COMPILER_APPICON_NAME = AppIcon;
				CODE_SIGN_STYLE = Automatic;
				DEVELOPMENT_TEAM = PHJ7WUPNX4;
				INFOPLIST_FILE = Weather/Info.plist;
				LD_RUNPATH_SEARCH_PATHS = "$(inherited) @executable_path/Frameworks";
				PRODUCT_BUNDLE_IDENTIFIER = FernandoFrances.Weather;
				PRODUCT_NAME = "$(TARGET_NAME)";
				SWIFT_VERSION = 4.0;
				TARGETED_DEVICE_FAMILY = "1,2";
			};
			name = Debug;
		};
		E05EEC8E1FC6FB18001B0601 /* Release */ = {
			isa = XCBuildConfiguration;
			buildSettings = {
				ASSETCATALOG_COMPILER_APPICON_NAME = AppIcon;
				CODE_SIGN_STYLE = Automatic;
				DEVELOPMENT_TEAM = PHJ7WUPNX4;
				INFOPLIST_FILE = Weather/Info.plist;
				LD_RUNPATH_SEARCH_PATHS = "$(inherited) @executable_path/Frameworks";
				PRODUCT_BUNDLE_IDENTIFIER = FernandoFrances.Weather;
				PRODUCT_NAME = "$(TARGET_NAME)";
				SWIFT_VERSION = 4.0;
				TARGETED_DEVICE_FAMILY = "1,2";
			};
			name = Release;
		};
/* End XCBuildConfiguration section */

/* Begin XCConfigurationList section */
		E05EEC751FC6FB18001B0601 /* Build configuration list for PBXProject "Weather" */ = {
			isa = XCConfigurationList;
			buildConfigurations = (
				E05EEC8A1FC6FB18001B0601 /* Debug */,
				E05EEC8B1FC6FB18001B0601 /* Release */,
			);
			defaultConfigurationIsVisible = 0;
			defaultConfigurationName = Release;
		};
		E05EEC8C1FC6FB18001B0601 /* Build configuration list for PBXNativeTarget "Weather" */ = {
			isa = XCConfigurationList;
			buildConfigurations = (
				E05EEC8D1FC6FB18001B0601 /* Debug */,
				E05EEC8E1FC6FB18001B0601 /* Release */,
			);
			defaultConfigurationIsVisible = 0;
			defaultConfigurationName = Release;
		};
/* End XCConfigurationList section */
	};
	rootObject = E05EEC721FC6FB18001B0601 /* Project object */;
}
